schema: '2.0'
stages:
  data_ingestion:
    cmd: python src/data_ingestion.py
    deps:
    - path: src/data_ingestion.py
      hash: md5
      md5: 0998d98a7f0ab702741305f3f705308a
      size: 3684
    params:
      params.yaml:
        data_ingestion.test_size: 0.15
    outs:
    - path: data/raw
      hash: md5
      md5: a15ba66afdf82f8659b031b175286ed3.dir
      size: 484846
      nfiles: 2
  data_preprocessing:
    cmd: python src/data_preprocessing.py
    deps:
    - path: data/raw
      hash: md5
      md5: a15ba66afdf82f8659b031b175286ed3.dir
      size: 484846
      nfiles: 2
    - path: src/data_preprocessing.py
      hash: md5
      md5: ae0059b79590609927f72e3c373f1865
      size: 3973
    outs:
    - path: data/interim
      hash: md5
      md5: 60a6fff4e80508df65a68e383fa2725e.dir
      size: 259164
      nfiles: 2
  feature_engineering:
    cmd: python src/feature_engineering.py
    deps:
    - path: data/interim
      hash: md5
      md5: 60a6fff4e80508df65a68e383fa2725e.dir
      size: 259164
      nfiles: 2
    - path: src/feature_engineering.py
      hash: md5
      md5: 1702812ecb9cde476535ba023dbf38d5
      size: 3254
    params:
      params.yaml:
        feature_engineering.max_features: 45
    outs:
    - path: data/processed
      hash: md5
      md5: df249199c6623016faded25297343688.dir
      size: 1177120
      nfiles: 2
  model_building:
    cmd: python src/model_building.py
    deps:
    - path: data/processed
      hash: md5
      md5: df249199c6623016faded25297343688.dir
      size: 1177120
      nfiles: 2
    - path: src/model_building.py
      hash: md5
      md5: bce5750b53c4ae93ec2b0266cd015114
      size: 4681
    params:
      params.yaml:
        model_building.n_estimators: 20
        model_building.random_state: 2
    outs:
    - path: models/model.pkl
      hash: md5
      md5: 71a9a070a49338a77d1965733be4c767
      size: 844502
  model_evaluation:
    cmd: python src/model_evaluation.py
    deps:
    - path: models/model.pkl
      hash: md5
      md5: 71a9a070a49338a77d1965733be4c767
      size: 844502
    - path: src/model_evaluation.py
      hash: md5
      md5: e89d2bcb7ccefba590fe0d231d8e523a
      size: 4147
    outs:
    - path: reports/metrics.json
      hash: md5
      md5: b9cf25452ef4e5dc1cf82e376072742e
      size: 145
